{
  "version": 4,
  "terraform_version": "1.13.2",
  "serial": 20,
  "lineage": "bf5b24f6-1cb4-ff0c-25ad-5bb3d51346ea",
  "outputs": {
    "pet-name": {
      "value": "Mr.deep.civet",
      "type": "string"
    }
  },
  "resources": [
    {
      "mode": "managed",
      "type": "local_file",
      "name": "pet",
      "provider": "provider[\"registry.terraform.io/hashicorp/local\"]",
      "instances": [
        {
          "schema_version": 0,
          "attributes": {
            "content": "My favorite pet is Mr.deep.civet",
            "content_base64": null,
            "content_base64sha256": "qStLHhD/Pv9vKMEiotGp01oVV1Wgu4dtM4XpSGLrynM=",
            "content_base64sha512": "p3wongwiC0xZDHPUAQqEtiBmazckV2W+QL8H2JXzCmanJdKIkM+DOJRX2pjYvh9PEvCmFfwI4MAfBKVmrn8XEw==",
            "content_md5": "92c1732d928c2c15f8ebb7f3b653ecf6",
            "content_sha1": "2541b7f534c02a1f114bd1573b49714846d1ef2e",
            "content_sha256": "a92b4b1e10ff3eff6f28c122a2d1a9d35a155755a0bb876d3385e94862ebca73",
            "content_sha512": "a77c289e0c220b4c590c73d4010a84b620666b37245765be40bf07d895f30a66a725d28890cf83389457da98d8be1f4f12f0a615fc08e0c01f04a566ae7f1713",
            "directory_permission": "0777",
            "file_permission": "0700",
            "filename": "/home/evgeniia/Desktop/DoItNow/udemy/learning-quests/terraform_for_the_absolute_beginners_with_labs/terraform-local-file/pets.txt",
            "id": "2541b7f534c02a1f114bd1573b49714846d1ef2e",
            "sensitive_content": null,
            "source": null
          },
          "sensitive_attributes": [
            [
              {
                "type": "get_attr",
                "value": "sensitive_content"
              }
            ]
          ],
          "identity_schema_version": 0,
          "dependencies": [
            "random_pet.my-pet"
          ]
        }
      ]
    },
    {
      "mode": "managed",
      "type": "random_pet",
      "name": "my-pet",
      "provider": "provider[\"registry.terraform.io/hashicorp/random\"]",
      "instances": [
        {
          "schema_version": 0,
          "attributes": {
            "id": "Mr.deep.civet",
            "keepers": null,
            "length": 2,
            "prefix": "Mr",
            "separator": "."
          },
          "sensitive_attributes": [],
          "identity_schema_version": 0
        }
      ]
    }
  ],
  "check_results": null
}
